// !$*UTF8*$!
{
	archiveVersion = 1;
	classes = {
	};
	objectVersion = 46;
	objects = {

/* Begin PBXBuildFile section */
		DFABB60B1F4E8F43009DF4CE /* AppDelegate.swift in Sources */ = {isa = PBXBuildFile; fileRef = DFABB60A1F4E8F43009DF4CE /* AppDelegate.swift */; };
		DFABB60D1F4E8F43009DF4CE /* ViewController.swift in Sources */ = {isa = PBXBuildFile; fileRef = DFABB60C1F4E8F43009DF4CE /* ViewController.swift */; };
		DFABB6101F4E8F43009DF4CE /* Main.storyboard in Resources */ = {isa = PBXBuildFile; fileRef = DFABB60E1F4E8F43009DF4CE /* Main.storyboard */; };
		DFABB6121F4E8F43009DF4CE /* Assets.xcassets in Resources */ = {isa = PBXBuildFile; fileRef = DFABB6111F4E8F43009DF4CE /* Assets.xcassets */; };
		DFABB6151F4E8F43009DF4CE /* LaunchScreen.storyboard in Resources */ = {isa = PBXBuildFile; fileRef = DFABB6131F4E8F43009DF4CE /* LaunchScreen.storyboard */; };
		DFABB6201F4E8F43009DF4CE /* edgeTests.swift in Sources */ = {isa = PBXBuildFile; fileRef = DFABB61F1F4E8F43009DF4CE /* edgeTests.swift */; };
		DFABB62B1F4E8F43009DF4CE /* edgeUITests.swift in Sources */ = {isa = PBXBuildFile; fileRef = DFABB62A1F4E8F43009DF4CE /* edgeUITests.swift */; };
/* End PBXBuildFile section */

/* Begin PBXContainerItemProxy section */
		DFABB61C1F4E8F43009DF4CE /* PBXContainerItemProxy */ = {
			isa = PBXContainerItemProxy;
			containerPortal = DFABB5FF1F4E8F43009DF4CE /* Project object */;
			proxyType = 1;
			remoteGlobalIDString = DFABB6061F4E8F43009DF4CE;
			remoteInfo = edge;
		};
		DFABB6271F4E8F43009DF4CE /* PBXContainerItemProxy */ = {
			isa = PBXContainerItemProxy;
			containerPortal = DFABB5FF1F4E8F43009DF4CE /* Project object */;
			proxyType = 1;
			remoteGlobalIDString = DFABB6061F4E8F43009DF4CE;
			remoteInfo = edge;
		};
/* End PBXContainerItemProxy section */

/* Begin PBXFileReference section */
		DFABB6071F4E8F43009DF4CE /* edge.app */ = {isa = PBXFileReference; explicitFileType = wrapper.application; includeInIndex = 0; path = edge.app; sourceTree = BUILT_PRODUCTS_DIR; };
		DFABB60A1F4E8F43009DF4CE /* AppDelegate.swift */ = {isa = PBXFileReference; lastKnownFileType = sourcecode.swift; path = AppDelegate.swift; sourceTree = "<group>"; };
		DFABB60C1F4E8F43009DF4CE /* ViewController.swift */ = {isa = PBXFileReference; lastKnownFileType = sourcecode.swift; path = ViewController.swift; sourceTree = "<group>"; };
		DFABB60F1F4E8F43009DF4CE /* Base */ = {isa = PBXFileReference; lastKnownFileType = file.storyboard; name = Base; path = Base.lproj/Main.storyboard; sourceTree = "<group>"; };
		DFABB6111F4E8F43009DF4CE /* Assets.xcassets */ = {isa = PBXFileReference; lastKnownFileType = folder.assetcatalog; path = Assets.xcassets; sourceTree = "<group>"; };
		DFABB6141F4E8F43009DF4CE /* Base */ = {isa = PBXFileReference; lastKnownFileType = file.storyboard; name = Base; path = Base.lproj/LaunchScreen.storyboard; sourceTree = "<group>"; };
		DFABB6161F4E8F43009DF4CE /* Info.plist */ = {isa = PBXFileReference; lastKnownFileType = text.plist.xml; path = Info.plist; sourceTree = "<group>"; };
		DFABB61B1F4E8F43009DF4CE /* edgeTests.xctest */ = {isa = PBXFileReference; explicitFileType = wrapper.cfbundle; includeInIndex = 0; path = edgeTests.xctest; sourceTree = BUILT_PRODUCTS_DIR; };
		DFABB61F1F4E8F43009DF4CE /* edgeTests.swift */ = {isa = PBXFileReference; lastKnownFileType = sourcecode.swift; path = edgeTests.swift; sourceTree = "<group>"; };
		DFABB6211F4E8F43009DF4CE /* Info.plist */ = {isa = PBXFileReference; lastKnownFileType = text.plist.xml; path = Info.plist; sourceTree = "<group>"; };
		DFABB6261F4E8F43009DF4CE /* edgeUITests.xctest */ = {isa = PBXFileReference; explicitFileType = wrapper.cfbundle; includeInIndex = 0; path = edgeUITests.xctest; sourceTree = BUILT_PRODUCTS_DIR; };
		DFABB62A1F4E8F43009DF4CE /* edgeUITests.swift */ = {isa = PBXFileReference; lastKnownFileType = sourcecode.swift; path = edgeUITests.swift; sourceTree = "<group>"; };
		DFABB62C1F4E8F43009DF4CE /* Info.plist */ = {isa = PBXFileReference; lastKnownFileType = text.plist.xml; path = Info.plist; sourceTree = "<group>"; };
/* End PBXFileReference section */

/* Begin PBXFrameworksBuildPhase section */
		DFABB6041F4E8F43009DF4CE /* Frameworks */ = {
			isa = PBXFrameworksBuildPhase;
			buildActionMask = 2147483647;
			files = (
			);
			runOnlyForDeploymentPostprocessing = 0;
		};
		DFABB6181F4E8F43009DF4CE /* Frameworks */ = {
			isa = PBXFrameworksBuildPhase;
			buildActionMask = 2147483647;
			files = (
			);
			runOnlyForDeploymentPostprocessing = 0;
		};
		DFABB6231F4E8F43009DF4CE /* Frameworks */ = {
			isa = PBXFrameworksBuildPhase;
			buildActionMask = 2147483647;
			files = (
			);
			runOnlyForDeploymentPostprocessing = 0;
		};
/* End PBXFrameworksBuildPhase section */

/* Begin PBXGroup section */
		DFABB5FE1F4E8F43009DF4CE = {
			isa = PBXGroup;
			children = (
				DFABB6091F4E8F43009DF4CE /* edge */,
				DFABB61E1F4E8F43009DF4CE /* edgeTests */,
				DFABB6291F4E8F43009DF4CE /* edgeUITests */,
				DFABB6081F4E8F43009DF4CE /* Products */,
			);
			sourceTree = "<group>";
		};
		DFABB6081F4E8F43009DF4CE /* Products */ = {
			isa = PBXGroup;
			children = (
				DFABB6071F4E8F43009DF4CE /* edge.app */,
				DFABB61B1F4E8F43009DF4CE /* edgeTests.xctest */,
				DFABB6261F4E8F43009DF4CE /* edgeUITests.xctest */,
			);
			name = Products;
			sourceTree = "<group>";
		};
		DFABB6091F4E8F43009DF4CE /* edge */ = {
			isa = PBXGroup;
			children = (
				DFABB60A1F4E8F43009DF4CE /* AppDelegate.swift */,
				DFABB60C1F4E8F43009DF4CE /* ViewController.swift */,
				DFABB60E1F4E8F43009DF4CE /* Main.storyboard */,
				DFABB6111F4E8F43009DF4CE /* Assets.xcassets */,
				DFABB6131F4E8F43009DF4CE /* LaunchScreen.storyboard */,
				DFABB6161F4E8F43009DF4CE /* Info.plist */,
			);
			path = edge;
			sourceTree = "<group>";
		};
		DFABB61E1F4E8F43009DF4CE /* edgeTests */ = {
			isa = PBXGroup;
			children = (
				DFABB61F1F4E8F43009DF4CE /* edgeTests.swift */,
				DFABB6211F4E8F43009DF4CE /* Info.plist */,
			);
			path = edgeTests;
			sourceTree = "<group>";
		};
		DFABB6291F4E8F43009DF4CE /* edgeUITests */ = {
			isa = PBXGroup;
			children = (
				DFABB62A1F4E8F43009DF4CE /* edgeUITests.swift */,
				DFABB62C1F4E8F43009DF4CE /* Info.plist */,
			);
			path = edgeUITests;
			sourceTree = "<group>";
		};
/* End PBXGroup section */

/* Begin PBXNativeTarget section */
		DFABB6061F4E8F43009DF4CE /* edge */ = {
			isa = PBXNativeTarget;
			buildConfigurationList = DFABB62F1F4E8F43009DF4CE /* Build configuration list for PBXNativeTarget "edge" */;
			buildPhases = (
				DFABB6031F4E8F43009DF4CE /* Sources */,
				DFABB6041F4E8F43009DF4CE /* Frameworks */,
				DFABB6051F4E8F43009DF4CE /* Resources */,
			);
			buildRules = (
			);
			dependencies = (
			);
			name = edge;
			productName = edge;
			productReference = DFABB6071F4E8F43009DF4CE /* edge.app */;
			productType = "com.apple.product-type.application";
		};
		DFABB61A1F4E8F43009DF4CE /* edgeTests */ = {
			isa = PBXNativeTarget;
			buildConfigurationList = DFABB6321F4E8F43009DF4CE /* Build configuration list for PBXNativeTarget "edgeTests" */;
			buildPhases = (
				DFABB6171F4E8F43009DF4CE /* Sources */,
				DFABB6181F4E8F43009DF4CE /* Frameworks */,
				DFABB6191F4E8F43009DF4CE /* Resources */,
			);
			buildRules = (
			);
			dependencies = (
				DFABB61D1F4E8F43009DF4CE /* PBXTargetDependency */,
			);
			name = edgeTests;
			productName = edgeTests;
			productReference = DFABB61B1F4E8F43009DF4CE /* edgeTests.xctest */;
			productType = "com.apple.product-type.bundle.unit-test";
		};
		DFABB6251F4E8F43009DF4CE /* edgeUITests */ = {
			isa = PBXNativeTarget;
			buildConfigurationList = DFABB6351F4E8F43009DF4CE /* Build configuration list for PBXNativeTarget "edgeUITests" */;
			buildPhases = (
				DFABB6221F4E8F43009DF4CE /* Sources */,
				DFABB6231F4E8F43009DF4CE /* Frameworks */,
				DFABB6241F4E8F43009DF4CE /* Resources */,
			);
			buildRules = (
			);
			dependencies = (
				DFABB6281F4E8F43009DF4CE /* PBXTargetDependency */,
			);
			name = edgeUITests;
			productName = edgeUITests;
			productReference = DFABB6261F4E8F43009DF4CE /* edgeUITests.xctest */;
			productType = "com.apple.product-type.bundle.ui-testing";
		};
/* End PBXNativeTarget section */

/* Begin PBXProject section */
		DFABB5FF1F4E8F43009DF4CE /* Project object */ = {
			isa = PBXProject;
			attributes = {
				LastSwiftUpdateCheck = 0830;
				LastUpgradeCheck = 0830;
				ORGANIZATIONNAME = "Kenta Takano";
				TargetAttributes = {
					DFABB6061F4E8F43009DF4CE = {
						CreatedOnToolsVersion = 8.3.3;
						DevelopmentTeam = L248HZDU6R;
						ProvisioningStyle = Automatic;
					};
					DFABB61A1F4E8F43009DF4CE = {
						CreatedOnToolsVersion = 8.3.3;
						DevelopmentTeam = L248HZDU6R;
						ProvisioningStyle = Automatic;
						TestTargetID = DFABB6061F4E8F43009DF4CE;
					};
					DFABB6251F4E8F43009DF4CE = {
						CreatedOnToolsVersion = 8.3.3;
						DevelopmentTeam = L248HZDU6R;
						ProvisioningStyle = Automatic;
						TestTargetID = DFABB6061F4E8F43009DF4CE;
					};
				};
			};
			buildConfigurationList = DFABB6021F4E8F43009DF4CE /* Build configuration list for PBXProject "edge" */;
			compatibilityVersion = "Xcode 3.2";
			developmentRegion = English;
			hasScannedForEncodings = 0;
			knownRegions = (
				en,
				Base,
			);
			mainGroup = DFABB5FE1F4E8F43009DF4CE;
			productRefGroup = DFABB6081F4E8F43009DF4CE /* Products */;
			projectDirPath = "";
			projectRoot = "";
			targets = (
				DFABB6061F4E8F43009DF4CE /* edge */,
				DFABB61A1F4E8F43009DF4CE /* edgeTests */,
				DFABB6251F4E8F43009DF4CE /* edgeUITests */,
			);
		};
/* End PBXProject section */

/* Begin PBXResourcesBuildPhase section */
		DFABB6051F4E8F43009DF4CE /* Resources */ = {
			isa = PBXResourcesBuildPhase;
			buildActionMask = 2147483647;
			files = (
				DFABB6151F4E8F43009DF4CE /* LaunchScreen.storyboard in Resources */,
				DFABB6121F4E8F43009DF4CE /* Assets.xcassets in Resources */,
				DFABB6101F4E8F43009DF4CE /* Main.storyboard in Resources */,
			);
			runOnlyForDeploymentPostprocessing = 0;
		};
		DFABB6191F4E8F43009DF4CE /* Resources */ = {
			isa = PBXResourcesBuildPhase;
			buildActionMask = 2147483647;
			files = (
			);
			runOnlyForDeploymentPostprocessing = 0;
		};
		DFABB6241F4E8F43009DF4CE /* Resources */ = {
			isa = PBXResourcesBuildPhase;
			buildActionMask = 2147483647;
			files = (
			);
			runOnlyForDeploymentPostprocessing = 0;
		};
/* End PBXResourcesBuildPhase section */

/* Begin PBXSourcesBuildPhase section */
		DFABB6031F4E8F43009DF4CE /* Sources */ = {
			isa = PBXSourcesBuildPhase;
			buildActionMask = 2147483647;
			files = (
				DFABB60D1F4E8F43009DF4CE /* ViewController.swift in Sources */,
				DFABB60B1F4E8F43009DF4CE /* AppDelegate.swift in Sources */,
			);
			runOnlyForDeploymentPostprocessing = 0;
		};
		DFABB6171F4E8F43009DF4CE /* Sources */ = {
			isa = PBXSourcesBuildPhase;
			buildActionMask = 2147483647;
			files = (
				DFABB6201F4E8F43009DF4CE /* edgeTests.swift in Sources */,
			);
			runOnlyForDeploymentPostprocessing = 0;
		};
		DFABB6221F4E8F43009DF4CE /* Sources */ = {
			isa = PBXSourcesBuildPhase;
			buildActionMask = 2147483647;
			files = (
				DFABB62B1F4E8F43009DF4CE /* edgeUITests.swift in Sources */,
			);
			runOnlyForDeploymentPostprocessing = 0;
		};
/* End PBXSourcesBuildPhase section */

/* Begin PBXTargetDependency section */
		DFABB61D1F4E8F43009DF4CE /* PBXTargetDependency */ = {
			isa = PBXTargetDependency;
			target = DFABB6061F4E8F43009DF4CE /* edge */;
			targetProxy = DFABB61C1F4E8F43009DF4CE /* PBXContainerItemProxy */;
		};
		DFABB6281F4E8F43009DF4CE /* PBXTargetDependency */ = {
			isa = PBXTargetDependency;
			target = DFABB6061F4E8F43009DF4CE /* edge */;
			targetProxy = DFABB6271F4E8F43009DF4CE /* PBXContainerItemProxy */;
		};
/* End PBXTargetDependency section */

/* Begin PBXVariantGroup section */
		DFABB60E1F4E8F43009DF4CE /* Main.storyboard */ = {
			isa = PBXVariantGroup;
			children = (
				DFABB60F1F4E8F43009DF4CE /* Base */,
			);
			name = Main.storyboard;
			sourceTree = "<group>";
		};
		DFABB6131F4E8F43009DF4CE /* LaunchScreen.storyboard */ = {
			isa = PBXVariantGroup;
			children = (
				DFABB6141F4E8F43009DF4CE /* Base */,
			);
			name = LaunchScreen.storyboard;
			sourceTree = "<group>";
		};
/* End PBXVariantGroup section */

/* Begin XCBuildConfiguration section */
		DFABB62D1F4E8F43009DF4CE /* Debug */ = {
			isa = XCBuildConfiguration;
			buildSettings = {
				ALWAYS_SEARCH_USER_PATHS = NO;
				CLANG_ANALYZER_NONNULL = YES;
				CLANG_ANALYZER_NUMBER_OBJECT_CONVERSION = YES_AGGRESSIVE;
				CLANG_CXX_LANGUAGE_STANDARD = "gnu++0x";
				CLANG_CXX_LIBRARY = "libc++";
				CLANG_ENABLE_MODULES = YES;
				CLANG_ENABLE_OBJC_ARC = YES;
				CLANG_WARN_BOOL_CONVERSION = YES;
				CLANG_WARN_CONSTANT_CONVERSION = YES;
				CLANG_WARN_DIRECT_OBJC_ISA_USAGE = YES_ERROR;
				CLANG_WARN_DOCUMENTATION_COMMENTS = YES;
				CLANG_WARN_EMPTY_BODY = YES;
				CLANG_WARN_ENUM_CONVERSION = YES;
				CLANG_WARN_INFINITE_RECURSION = YES;
				CLANG_WARN_INT_CONVERSION = YES;
				CLANG_WARN_OBJC_ROOT_CLASS = YES_ERROR;
				CLANG_WARN_SUSPICIOUS_MOVE = YES;
				CLANG_WARN_UNREACHABLE_CODE = YES;
				CLANG_WARN__DUPLICATE_METHOD_MATCH = YES;
				"CODE_SIGN_IDENTITY[sdk=iphoneos*]" = "iPhone Developer";
				COPY_PHASE_STRIP = NO;
				DEBUG_INFORMATION_FORMAT = dwarf;
				ENABLE_STRICT_OBJC_MSGSEND = YES;
				ENABLE_TESTABILITY = YES;
				GCC_C_LANGUAGE_STANDARD = gnu99;
				GCC_DYNAMIC_NO_PIC = NO;
				GCC_NO_COMMON_BLOCKS = YES;
				GCC_OPTIMIZATION_LEVEL = 0;
				GCC_PREPROCESSOR_DEFINITIONS = (
					"DEBUG=1",
					"$(inherited)",
				);
				GCC_WARN_64_TO_32_BIT_CONVERSION = YES;
				GCC_WARN_ABOUT_RETURN_TYPE = YES_ERROR;
				GCC_WARN_UNDECLARED_SELECTOR = YES;
				GCC_WARN_UNINITIALIZED_AUTOS = YES_AGGRESSIVE;
				GCC_WARN_UNUSED_FUNCTION = YES;
				GCC_WARN_UNUSED_VARIABLE = YES;
				IPHONEOS_DEPLOYMENT_TARGET = 10.3;
				MTL_ENABLE_DEBUG_INFO = YES;
				ONLY_ACTIVE_ARCH = YES;
				SDKROOT = iphoneos;
				SWIFT_ACTIVE_COMPILATION_CONDITIONS = DEBUG;
				SWIFT_OPTIMIZATION_LEVEL = "-Onone";
				TARGETED_DEVICE_FAMILY = "1,2";
			};
			name = Debug;
		};
		DFABB62E1F4E8F43009DF4CE /* Release */ = {
			isa = XCBuildConfiguration;
			buildSettings = {
				ALWAYS_SEARCH_USER_PATHS = NO;
				CLANG_ANALYZER_NONNULL = YES;
				CLANG_ANALYZER_NUMBER_OBJECT_CONVERSION = YES_AGGRESSIVE;
				CLANG_CXX_LANGUAGE_STANDARD = "gnu++0x";
				CLANG_CXX_LIBRARY = "libc++";
				CLANG_ENABLE_MODULES = YES;
				CLANG_ENABLE_OBJC_ARC = YES;
				CLANG_WARN_BOOL_CONVERSION = YES;
				CLANG_WARN_CONSTANT_CONVERSION = YES;
				CLANG_WARN_DIRECT_OBJC_ISA_USAGE = YES_ERROR;
				CLANG_WARN_DOCUMENTATION_COMMENTS = YES;
				CLANG_WARN_EMPTY_BODY = YES;
				CLANG_WARN_ENUM_CONVERSION = YES;
				CLANG_WARN_INFINITE_RECURSION = YES;
				CLANG_WARN_INT_CONVERSION = YES;
				CLANG_WARN_OBJC_ROOT_CLASS = YES_ERROR;
				CLANG_WARN_SUSPICIOUS_MOVE = YES;
				CLANG_WARN_UNREACHABLE_CODE = YES;
				CLANG_WARN__DUPLICATE_METHOD_MATCH = YES;
				"CODE_SIGN_IDENTITY[sdk=iphoneos*]" = "iPhone Developer";
				COPY_PHASE_STRIP = NO;
				DEBUG_INFORMATION_FORMAT = "dwarf-with-dsym";
				ENABLE_NS_ASSERTIONS = NO;
				ENABLE_STRICT_OBJC_MSGSEND = YES;
				GCC_C_LANGUAGE_STANDARD = gnu99;
				GCC_NO_COMMON_BLOCKS = YES;
				GCC_WARN_64_TO_32_BIT_CONVERSION = YES;
				GCC_WARN_ABOUT_RETURN_TYPE = YES_ERROR;
				GCC_WARN_UNDECLARED_SELECTOR = YES;
				GCC_WARN_UNINITIALIZED_AUTOS = YES_AGGRESSIVE;
				GCC_WARN_UNUSED_FUNCTION = YES;
				GCC_WARN_UNUSED_VARIABLE = YES;
				IPHONEOS_DEPLOYMENT_TARGET = 10.3;
				MTL_ENABLE_DEBUG_INFO = NO;
				SDKROOT = iphoneos;
				SWIFT_OPTIMIZATION_LEVEL = "-Owholemodule";
				TARGETED_DEVICE_FAMILY = "1,2";
				VALIDATE_PRODUCT = YES;
			};
			name = Release;
		};
		DFABB6301F4E8F43009DF4CE /* Debug */ = {
			isa = XCBuildConfiguration;
			buildSettings = {
				ASSETCATALOG_COMPILER_APPICON_NAME = AppIcon;
				DEVELOPMENT_TEAM = L248HZDU6R;
				INFOPLIST_FILE = edge/Info.plist;
				LD_RUNPATH_SEARCH_PATHS = "$(inherited) @executable_path/Frameworks";
				PRODUCT_BUNDLE_IDENTIFIER = com.ohayouKenchan.edge.edge;
				PRODUCT_NAME = "$(TARGET_NAME)";
				SWIFT_VERSION = 3.0;
			};
			name = Debug;
		};
		DFABB6311F4E8F43009DF4CE /* Release */ = {
			isa = XCBuildConfiguration;
			buildSettings = {
				ASSETCATALOG_COMPILER_APPICON_NAME = AppIcon;
				DEVELOPMENT_TEAM = L248HZDU6R;
				INFOPLIST_FILE = edge/Info.plist;
				LD_RUNPATH_SEARCH_PATHS = "$(inherited) @executable_path/Frameworks";
				PRODUCT_BUNDLE_IDENTIFIER = com.ohayouKenchan.edge.edge;
				PRODUCT_NAME = "$(TARGET_NAME)";
				SWIFT_VERSION = 3.0;
			};
			name = Release;
		};
		DFABB6331F4E8F43009DF4CE /* Debug */ = {
			isa = XCBuildConfiguration;
			buildSettings = {
				ALWAYS_EMBED_SWIFT_STANDARD_LIBRARIES = YES;
				BUNDLE_LOADER = "$(TEST_HOST)";
				DEVELOPMENT_TEAM = L248HZDU6R;
				INFOPLIST_FILE = edgeTests/Info.plist;
				LD_RUNPATH_SEARCH_PATHS = "$(inherited) @executable_path/Frameworks @loader_path/Frameworks";
				PRODUCT_BUNDLE_IDENTIFIER = com.ohayouKenchan.edge.edgeTests;
				PRODUCT_NAME = "$(TARGET_NAME)";
				SWIFT_VERSION = 3.0;
				TEST_HOST = "$(BUILT_PRODUCTS_DIR)/edge.app/edge";
			};
			name = Debug;
		};
		DFABB6341F4E8F43009DF4CE /* Release */ = {
			isa = XCBuildConfiguration;
			buildSettings = {
				ALWAYS_EMBED_SWIFT_STANDARD_LIBRARIES = YES;
				BUNDLE_LOADER = "$(TEST_HOST)";
				DEVELOPMENT_TEAM = L248HZDU6R;
				INFOPLIST_FILE = edgeTests/Info.plist;
				LD_RUNPATH_SEARCH_PATHS = "$(inherited) @executable_path/Frameworks @loader_path/Frameworks";
				PRODUCT_BUNDLE_IDENTIFIER = com.ohayouKenchan.edge.edgeTests;
				PRODUCT_NAME = "$(TARGET_NAME)";
				SWIFT_VERSION = 3.0;
				TEST_HOST = "$(BUILT_PRODUCTS_DIR)/edge.app/edge";
			};
			name = Release;
		};
		DFABB6361F4E8F43009DF4CE /* Debug */ = {
			isa = XCBuildConfiguration;
			buildSettings = {
				ALWAYS_EMBED_SWIFT_STANDARD_LIBRARIES = YES;
				DEVELOPMENT_TEAM = L248HZDU6R;
				INFOPLIST_FILE = edgeUITests/Info.plist;
				LD_RUNPATH_SEARCH_PATHS = "$(inherited) @executable_path/Frameworks @loader_path/Frameworks";
				PRODUCT_BUNDLE_IDENTIFIER = com.ohayouKenchan.edge.edgeUITests;
				PRODUCT_NAME = "$(TARGET_NAME)";
				SWIFT_VERSION = 3.0;
				TEST_TARGET_NAME = edge;
			};
			name = Debug;
		};
		DFABB6371F4E8F43009DF4CE /* Release */ = {
			isa = XCBuildConfiguration;
			buildSettings = {
				ALWAYS_EMBED_SWIFT_STANDARD_LIBRARIES = YES;
				DEVELOPMENT_TEAM = L248HZDU6R;
				INFOPLIST_FILE = edgeUITests/Info.plist;
				LD_RUNPATH_SEARCH_PATHS = "$(inherited) @executable_path/Frameworks @loader_path/Frameworks";
				PRODUCT_BUNDLE_IDENTIFIER = com.ohayouKenchan.edge.edgeUITests;
				PRODUCT_NAME = "$(TARGET_NAME)";
				SWIFT_VERSION = 3.0;
				TEST_TARGET_NAME = edge;
			};
			name = Release;
		};
/* End XCBuildConfiguration section */

/* Begin XCConfigurationList section */
		DFABB6021F4E8F43009DF4CE /* Build configuration list for PBXProject "edge" */ = {
			isa = XCConfigurationList;
			buildConfigurations = (
				DFABB62D1F4E8F43009DF4CE /* Debug */,
				DFABB62E1F4E8F43009DF4CE /* Release */,
			);
			defaultConfigurationIsVisible = 0;
			defaultConfigurationName = Release;
		};
		DFABB62F1F4E8F43009DF4CE /* Build configuration list for PBXNativeTarget "edge" */ = {
			isa = XCConfigurationList;
			buildConfigurations = (
				DFABB6301F4E8F43009DF4CE /* Debug */,
				DFABB6311F4E8F43009DF4CE /* Release */,
			);
			defaultConfigurationIsVisible = 0;
		};
		DFABB6321F4E8F43009DF4CE /* Build configuration list for PBXNativeTarget "edgeTests" */ = {
			isa = XCConfigurationList;
			buildConfigurations = (
				DFABB6331F4E8F43009DF4CE /* Debug */,
				DFABB6341F4E8F43009DF4CE /* Release */,
			);
			defaultConfigurationIsVisible = 0;
		};
		DFABB6351F4E8F43009DF4CE /* Build configuration list for PBXNativeTarget "edgeUITests" */ = {
			isa = XCConfigurationList;
			buildConfigurations = (
				DFABB6361F4E8F43009DF4CE /* Debug */,
				DFABB6371F4E8F43009DF4CE /* Release */,
			);
			defaultConfigurationIsVisible = 0;
		};
/* End XCConfigurationList section */
	};
	rootObject = DFABB5FF1F4E8F43009DF4CE /* Project object */;
}
